
Microsoft Visual Studio Solution File, Format Version 12.00
# Visual Studio Version 18
VisualStudioVersion = 18.4.11605.240 stable
MinimumVisualStudioVersion = 10.0.40219.1
Project("{FAE04EC0-301F-11D3-BF4B-00C04F79EFBC}") = "Jokempo", "Jokempo\Jokempo.csproj", "{F8A4F434-4031-4A3E-AF73-40A7422CB2D4}"
EndProject
Project("{FAE04EC0-301F-11D3-BF4B-00C04F79EFBC}") = "Jokenpo.WinForms", "Jokenpo.WinForms\Jokenpo.WinForms.csproj", "{2BEBF4E5-4511-4D52-BF25-8DC299A987CE}"
EndProject
Project("{FAE04EC0-301F-11D3-BF4B-00C04F79EFBC}") = "Jokenpo.Core", "Jokenpo.LibraryClass\Jokenpo.Core.csproj", "{50BB6DBE-23FC-4364-98F2-202B3A568722}"
EndProject
Global
	GlobalSection(SolutionConfigurationPlatforms) = preSolution
		Debug|Any CPU = Debug|Any CPU
		Release|Any CPU = Release|Any CPU
	EndGlobalSection
	GlobalSection(ProjectConfigurationPlatforms) = postSolution
		{F8A4F434-4031-4A3E-AF73-40A7422CB2D4}.Debug|Any CPU.ActiveCfg = Debug|Any CPU
		{F8A4F434-4031-4A3E-AF73-40A7422CB2D4}.Debug|Any CPU.Build.0 = Debug|Any CPU
		{F8A4F434-4031-4A3E-AF73-40A7422CB2D4}.Release|Any CPU.ActiveCfg = Release|Any CPU
		{F8A4F434-4031-4A3E-AF73-40A7422CB2D4}.Release|Any CPU.Build.0 = Release|Any CPU
		{2BEBF4E5-4511-4D52-BF25-8DC299A987CE}.Debug|Any CPU.ActiveCfg = Debug|Any CPU
		{2BEBF4E5-4511-4D52-BF25-8DC299A987CE}.Debug|Any CPU.Build.0 = Debug|Any CPU
		{2BEBF4E5-4511-4D52-BF25-8DC299A987CE}.Release|Any CPU.ActiveCfg = Release|Any CPU
		{2BEBF4E5-4511-4D52-BF25-8DC299A987CE}.Release|Any CPU.Build.0 = Release|Any CPU
		{50BB6DBE-23FC-4364-98F2-202B3A568722}.Debug|Any CPU.ActiveCfg = Debug|Any CPU
		{50BB6DBE-23FC-4364-98F2-202B3A568722}.Debug|Any CPU.Build.0 = Debug|Any CPU
		{50BB6DBE-23FC-4364-98F2-202B3A568722}.Release|Any CPU.ActiveCfg = Release|Any CPU
		{50BB6DBE-23FC-4364-98F2-202B3A568722}.Release|Any CPU.Build.0 = Release|Any CPU
	EndGlobalSection
	GlobalSection(SolutionProperties) = preSolution
		HideSolutionNode = FALSE
	EndGlobalSection
	GlobalSection(ExtensibilityGlobals) = postSolution
		SolutionGuid = {E81BE173-643F-4343-A198-600A680EE121}
	EndGlobalSection
EndGlobal
